
Microsoft Visual Studio Solution File, Format Version 11.00
# Visual Basic Express 2010
Project("{F184B08F-C81C-45F6-A57F-5ABD9991F28F}") = "Package Check", "Package Check\Package Check.vbproj", "{584477A1-FA16-4958-8E1B-03387009C740}"
EndProject
Global
	GlobalSection(SolutionConfigurationPlatforms) = preSolution
		Debug|x86 = Debug|x86
		Release|x86 = Release|x86
	EndGlobalSection
	GlobalSection(ProjectConfigurationPlatforms) = postSolution
		{584477A1-FA16-4958-8E1B-03387009C740}.Debug|x86.ActiveCfg = Debug|x86
		{584477A1-FA16-4958-8E1B-03387009C740}.Debug|x86.Build.0 = Debug|x86
		{584477A1-FA16-4958-8E1B-03387009C740}.Release|x86.ActiveCfg = Release|x86
		{584477A1-FA16-4958-8E1B-03387009C740}.Release|x86.Build.0 = Release|x86
	EndGlobalSection
	GlobalSection(SolutionProperties) = preSolution
		HideSolutionNode = FALSE
	EndGlobalSection
EndGlobal
