
Microsoft Visual Studio Solution File, Format Version 11.00
# Visual Basic Express 2010
Project("{F184B08F-C81C-45F6-A57F-5ABD9991F28F}") = "String Test", "String Test\String Test.vbproj", "{4557AD5F-9CB1-4195-9DB0-B9305A9D1668}"
EndProject
Global
	GlobalSection(SolutionConfigurationPlatforms) = preSolution
		Debug|x86 = Debug|x86
		Release|x86 = Release|x86
	EndGlobalSection
	GlobalSection(ProjectConfigurationPlatforms) = postSolution
		{4557AD5F-9CB1-4195-9DB0-B9305A9D1668}.Debug|x86.ActiveCfg = Debug|x86
		{4557AD5F-9CB1-4195-9DB0-B9305A9D1668}.Debug|x86.Build.0 = Debug|x86
		{4557AD5F-9CB1-4195-9DB0-B9305A9D1668}.Release|x86.ActiveCfg = Release|x86
		{4557AD5F-9CB1-4195-9DB0-B9305A9D1668}.Release|x86.Build.0 = Release|x86
	EndGlobalSection
	GlobalSection(SolutionProperties) = preSolution
		HideSolutionNode = FALSE
	EndGlobalSection
EndGlobal
