
Microsoft Visual Studio Solution File, Format Version 11.00
# Visual Basic Express 2010
Project("{F184B08F-C81C-45F6-A57F-5ABD9991F28F}") = "Shell Game", "Shell Game\Shell Game.vbproj", "{E1CC1FAF-02CF-4235-8D83-AF9FE34A526C}"
EndProject
Global
	GlobalSection(SolutionConfigurationPlatforms) = preSolution
		Debug|x86 = Debug|x86
		Release|x86 = Release|x86
	EndGlobalSection
	GlobalSection(ProjectConfigurationPlatforms) = postSolution
		{E1CC1FAF-02CF-4235-8D83-AF9FE34A526C}.Debug|x86.ActiveCfg = Debug|x86
		{E1CC1FAF-02CF-4235-8D83-AF9FE34A526C}.Debug|x86.Build.0 = Debug|x86
		{E1CC1FAF-02CF-4235-8D83-AF9FE34A526C}.Release|x86.ActiveCfg = Release|x86
		{E1CC1FAF-02CF-4235-8D83-AF9FE34A526C}.Release|x86.Build.0 = Release|x86
	EndGlobalSection
	GlobalSection(SolutionProperties) = preSolution
		HideSolutionNode = FALSE
	EndGlobalSection
EndGlobal
